
Microsoft Visual Studio Solution File, Format Version 12.00
# Visual Studio Version 17
VisualStudioVersion = 17.9.34902.65
MinimumVisualStudioVersion = 10.0.40219.1
Project("{9A19103F-16F7-4668-BE54-9A1E7A4F7556}") = "UnityServerProject", "UnityServerProject.csproj", "{DFDF3AFB-8DAB-4045-918D-747ACF3DD40F}"
EndProject
Global
	GlobalSection(SolutionConfigurationPlatforms) = preSolution
		Debug|Any CPU = Debug|Any CPU
		Release|Any CPU = Release|Any CPU
	EndGlobalSection
	GlobalSection(ProjectConfigurationPlatforms) = postSolution
		{DFDF3AFB-8DAB-4045-918D-747ACF3DD40F}.Debug|Any CPU.ActiveCfg = Debug|Any CPU
		{DFDF3AFB-8DAB-4045-918D-747ACF3DD40F}.Debug|Any CPU.Build.0 = Debug|Any CPU
		{DFDF3AFB-8DAB-4045-918D-747ACF3DD40F}.Release|Any CPU.ActiveCfg = Release|Any CPU
		{DFDF3AFB-8DAB-4045-918D-747ACF3DD40F}.Release|Any CPU.Build.0 = Release|Any CPU
	EndGlobalSection
	GlobalSection(SolutionProperties) = preSolution
		HideSolutionNode = FALSE
	EndGlobalSection
	GlobalSection(ExtensibilityGlobals) = postSolution
		SolutionGuid = {DC710FEE-35FF-45E9-8315-9CB58850D13D}
	EndGlobalSection
EndGlobal
